
Microsoft Visual Studio Solution File, Format Version 12.00
# Visual Studio Version 17
VisualStudioVersion = 17.7.34024.191
MinimumVisualStudioVersion = 10.0.40219.1
Project("{FAE04EC0-301F-11D3-BF4B-00C04F79EFBC}") = "StrategyNightBar", "StrategyNightBar\StrategyNightBar.csproj", "{AC30F7BC-0469-4FBB-A6DF-9747E6550EF3}"
EndProject
Global
	GlobalSection(SolutionConfigurationPlatforms) = preSolution
		Debug|Any CPU = Debug|Any CPU
		Release|Any CPU = Release|Any CPU
	EndGlobalSection
	GlobalSection(ProjectConfigurationPlatforms) = postSolution
		{AC30F7BC-0469-4FBB-A6DF-9747E6550EF3}.Debug|Any CPU.ActiveCfg = Debug|Any CPU
		{AC30F7BC-0469-4FBB-A6DF-9747E6550EF3}.Debug|Any CPU.Build.0 = Debug|Any CPU
		{AC30F7BC-0469-4FBB-A6DF-9747E6550EF3}.Release|Any CPU.ActiveCfg = Release|Any CPU
		{AC30F7BC-0469-4FBB-A6DF-9747E6550EF3}.Release|Any CPU.Build.0 = Release|Any CPU
	EndGlobalSection
	GlobalSection(SolutionProperties) = preSolution
		HideSolutionNode = FALSE
	EndGlobalSection
	GlobalSection(ExtensibilityGlobals) = postSolution
		SolutionGuid = {BE6E0E9A-EF4A-4288-B9BA-4E81437650B1}
	EndGlobalSection
EndGlobal
