
Microsoft Visual Studio Solution File, Format Version 12.00
# Visual Studio Version 17
VisualStudioVersion = 17.4.33122.133
MinimumVisualStudioVersion = 10.0.40219.1
Project("{FAE04EC0-301F-11D3-BF4B-00C04F79EFBC}") = "TemplateMehodDrinkingMaker", "TemplateMehodDrinkingMaker\TemplateMehodDrinkingMaker.csproj", "{92B9ABD0-80D7-4F76-9AA7-0683604D51BF}"
EndProject
Global
	GlobalSection(SolutionConfigurationPlatforms) = preSolution
		Debug|Any CPU = Debug|Any CPU
		Release|Any CPU = Release|Any CPU
	EndGlobalSection
	GlobalSection(ProjectConfigurationPlatforms) = postSolution
		{92B9ABD0-80D7-4F76-9AA7-0683604D51BF}.Debug|Any CPU.ActiveCfg = Debug|Any CPU
		{92B9ABD0-80D7-4F76-9AA7-0683604D51BF}.Debug|Any CPU.Build.0 = Debug|Any CPU
		{92B9ABD0-80D7-4F76-9AA7-0683604D51BF}.Release|Any CPU.ActiveCfg = Release|Any CPU
		{92B9ABD0-80D7-4F76-9AA7-0683604D51BF}.Release|Any CPU.Build.0 = Release|Any CPU
	EndGlobalSection
	GlobalSection(SolutionProperties) = preSolution
		HideSolutionNode = FALSE
	EndGlobalSection
	GlobalSection(ExtensibilityGlobals) = postSolution
		SolutionGuid = {1D8C5F9B-5CEB-470C-987A-B52AEAB544D4}
	EndGlobalSection
EndGlobal
